
Microsoft Visual Studio Solution File, Format Version 12.00
# Visual Studio Version 16
VisualStudioVersion = 16.0.31729.503
MinimumVisualStudioVersion = 10.0.40219.1
Project("{9A19103F-16F7-4668-BE54-9A1E7A4F7556}") = "Voting_System", "Voting_System\Voting_System.csproj", "{97508FD5-B54C-4B23-A7D6-F618AFDAD9F1}"
EndProject
Project("{FAE04EC0-301F-11D3-BF4B-00C04F79EFBC}") = "Voting_System_Unit_Tests", "Voting_System_Unit_Tests\Voting_System_Unit_Tests.csproj", "{2719C162-C616-4687-81B1-74A8F28DF96C}"
EndProject
Global
	GlobalSection(SolutionConfigurationPlatforms) = preSolution
		Debug|Any CPU = Debug|Any CPU
		Release|Any CPU = Release|Any CPU
	EndGlobalSection
	GlobalSection(ProjectConfigurationPlatforms) = postSolution
		{97508FD5-B54C-4B23-A7D6-F618AFDAD9F1}.Debug|Any CPU.ActiveCfg = Debug|Any CPU
		{97508FD5-B54C-4B23-A7D6-F618AFDAD9F1}.Debug|Any CPU.Build.0 = Debug|Any CPU
		{97508FD5-B54C-4B23-A7D6-F618AFDAD9F1}.Release|Any CPU.ActiveCfg = Release|Any CPU
		{97508FD5-B54C-4B23-A7D6-F618AFDAD9F1}.Release|Any CPU.Build.0 = Release|Any CPU
		{2719C162-C616-4687-81B1-74A8F28DF96C}.Debug|Any CPU.ActiveCfg = Debug|Any CPU
		{2719C162-C616-4687-81B1-74A8F28DF96C}.Debug|Any CPU.Build.0 = Debug|Any CPU
		{2719C162-C616-4687-81B1-74A8F28DF96C}.Release|Any CPU.ActiveCfg = Release|Any CPU
		{2719C162-C616-4687-81B1-74A8F28DF96C}.Release|Any CPU.Build.0 = Release|Any CPU
	EndGlobalSection
	GlobalSection(SolutionProperties) = preSolution
		HideSolutionNode = FALSE
	EndGlobalSection
	GlobalSection(ExtensibilityGlobals) = postSolution
		SolutionGuid = {F185455C-159C-4510-9ED7-74C9C0A9755B}
	EndGlobalSection
EndGlobal
